// !$*UTF8*$!
{
	archiveVersion = 1;
	classes = {
	};
	objectVersion = 46;
	objects = {

/* Begin PBXBuildFile section */
		1F3511B11E942C37005E3068 /* SwiftCLI.framework in Frameworks */ = {isa = PBXBuildFile; fileRef = "_____Product_SwiftCLI" /* SwiftCLI.framework */; };
		1F7F93291E95864700B1301C /* AndroidBootstrap.swift in Sources */ = {isa = PBXBuildFile; fileRef = 1FF4FDD11E8BA53C007CDF35 /* AndroidBootstrap.swift */; };
		1F7F932A1E95865900B1301C /* MessageTools.swift in Sources */ = {isa = PBXBuildFile; fileRef = 1F7FE0461E8E5D1900D91EC4 /* MessageTools.swift */; };
		1F803B961E94268A006B454F /* Process+ChaiTools.swift in Sources */ = {isa = PBXBuildFile; fileRef = 9894135C1DD376320059DF5A /* Process+ChaiTools.swift */; };
		1F803B971E94268A006B454F /* String+ChaiTools.swift in Sources */ = {isa = PBXBuildFile; fileRef = 982B1D021DD12A5600B7A4A6 /* String+ChaiTools.swift */; };
		1F803B981E94268A006B454F /* URL+ChaiTools.swift in Sources */ = {isa = PBXBuildFile; fileRef = 982B1D051DD12A7100B7A4A6 /* URL+ChaiTools.swift */; };
		1F803B991E94268A006B454F /* GitRepo.swift in Sources */ = {isa = PBXBuildFile; fileRef = 989413591DD265540059DF5A /* GitRepo.swift */; };
		1F803B9A1E94268A006B454F /* FileOps.swift in Sources */ = {isa = PBXBuildFile; fileRef = 1F0EE50F1E8402E9005331A0 /* FileOps.swift */; };
		1F803B9B1E94268A006B454F /* TemplatesCommand.swift in Sources */ = {isa = PBXBuildFile; fileRef = 9810ED0A1DCCF0F600265BF4 /* TemplatesCommand.swift */; };
		1F803B9C1E94268A006B454F /* BootstrapCommand.swift in Sources */ = {isa = PBXBuildFile; fileRef = 1F01EFAE1E88F627006A2DE3 /* BootstrapCommand.swift */; };
		1F803BAB1E942838006B454F /* main.swift in Sources */ = {isa = PBXBuildFile; fileRef = __PBXFileRef_Sources/main.swift /* main.swift */; };
		1F803BAE1E9428CF006B454F /* SwiftCLI.framework in Frameworks */ = {isa = PBXBuildFile; fileRef = "_____Product_SwiftCLI" /* SwiftCLI.framework */; };
		1F803BB11E9428DE006B454F /* ChaiTools.framework in Frameworks */ = {isa = PBXBuildFile; fileRef = 1F803B8E1E942679006B454F /* ChaiTools.framework */; };
		_LinkFileRef_SwiftCLI_via_chaitoolsTests /* SwiftCLI.framework in Frameworks */ = {isa = PBXBuildFile; fileRef = "_____Product_SwiftCLI" /* SwiftCLI.framework */; settings = {ATTRIBUTES = (Weak, ); }; };
		"__src_cc_ref_Packages/SwiftCLI-2.0.2/Sources/CLI.swift" /* CLI.swift in Sources */ = {isa = PBXBuildFile; fileRef = "__PBXFileRef_Packages/SwiftCLI-2.0.2/Sources/CLI.swift" /* CLI.swift */; };
		"__src_cc_ref_Packages/SwiftCLI-2.0.2/Sources/ChainableCommand.swift" /* ChainableCommand.swift in Sources */ = {isa = PBXBuildFile; fileRef = "__PBXFileRef_Packages/SwiftCLI-2.0.2/Sources/ChainableCommand.swift" /* ChainableCommand.swift */; };
		"__src_cc_ref_Packages/SwiftCLI-2.0.2/Sources/Command.swift" /* Command.swift in Sources */ = {isa = PBXBuildFile; fileRef = "__PBXFileRef_Packages/SwiftCLI-2.0.2/Sources/Command.swift" /* Command.swift */; };
		"__src_cc_ref_Packages/SwiftCLI-2.0.2/Sources/CommandArgumentParser.swift" /* CommandArgumentParser.swift in Sources */ = {isa = PBXBuildFile; fileRef = "__PBXFileRef_Packages/SwiftCLI-2.0.2/Sources/CommandArgumentParser.swift" /* CommandArgumentParser.swift */; };
		"__src_cc_ref_Packages/SwiftCLI-2.0.2/Sources/CommandArguments.swift" /* CommandArguments.swift in Sources */ = {isa = PBXBuildFile; fileRef = "__PBXFileRef_Packages/SwiftCLI-2.0.2/Sources/CommandArguments.swift" /* CommandArguments.swift */; };
		"__src_cc_ref_Packages/SwiftCLI-2.0.2/Sources/CommandMessageGenerator.swift" /* CommandMessageGenerator.swift in Sources */ = {isa = PBXBuildFile; fileRef = "__PBXFileRef_Packages/SwiftCLI-2.0.2/Sources/CommandMessageGenerator.swift" /* CommandMessageGenerator.swift */; };
		"__src_cc_ref_Packages/SwiftCLI-2.0.2/Sources/CommandSignature.swift" /* CommandSignature.swift in Sources */ = {isa = PBXBuildFile; fileRef = "__PBXFileRef_Packages/SwiftCLI-2.0.2/Sources/CommandSignature.swift" /* CommandSignature.swift */; };
		"__src_cc_ref_Packages/SwiftCLI-2.0.2/Sources/Extensions.swift" /* Extensions.swift in Sources */ = {isa = PBXBuildFile; fileRef = "__PBXFileRef_Packages/SwiftCLI-2.0.2/Sources/Extensions.swift" /* Extensions.swift */; };
		"__src_cc_ref_Packages/SwiftCLI-2.0.2/Sources/HelpCommand.swift" /* HelpCommand.swift in Sources */ = {isa = PBXBuildFile; fileRef = "__PBXFileRef_Packages/SwiftCLI-2.0.2/Sources/HelpCommand.swift" /* HelpCommand.swift */; };
		"__src_cc_ref_Packages/SwiftCLI-2.0.2/Sources/Input.swift" /* Input.swift in Sources */ = {isa = PBXBuildFile; fileRef = "__PBXFileRef_Packages/SwiftCLI-2.0.2/Sources/Input.swift" /* Input.swift */; };
		"__src_cc_ref_Packages/SwiftCLI-2.0.2/Sources/LightweightCommand.swift" /* LightweightCommand.swift in Sources */ = {isa = PBXBuildFile; fileRef = "__PBXFileRef_Packages/SwiftCLI-2.0.2/Sources/LightweightCommand.swift" /* LightweightCommand.swift */; };
		"__src_cc_ref_Packages/SwiftCLI-2.0.2/Sources/OptionParser.swift" /* OptionParser.swift in Sources */ = {isa = PBXBuildFile; fileRef = "__PBXFileRef_Packages/SwiftCLI-2.0.2/Sources/OptionParser.swift" /* OptionParser.swift */; };
		"__src_cc_ref_Packages/SwiftCLI-2.0.2/Sources/OptionRegistry.swift" /* OptionRegistry.swift in Sources */ = {isa = PBXBuildFile; fileRef = "__PBXFileRef_Packages/SwiftCLI-2.0.2/Sources/OptionRegistry.swift" /* OptionRegistry.swift */; };
		"__src_cc_ref_Packages/SwiftCLI-2.0.2/Sources/Output.swift" /* Output.swift in Sources */ = {isa = PBXBuildFile; fileRef = "__PBXFileRef_Packages/SwiftCLI-2.0.2/Sources/Output.swift" /* Output.swift */; };
		"__src_cc_ref_Packages/SwiftCLI-2.0.2/Sources/RawArgumentParser.swift" /* RawArgumentParser.swift in Sources */ = {isa = PBXBuildFile; fileRef = "__PBXFileRef_Packages/SwiftCLI-2.0.2/Sources/RawArgumentParser.swift" /* RawArgumentParser.swift */; };
		"__src_cc_ref_Packages/SwiftCLI-2.0.2/Sources/RawArguments.swift" /* RawArguments.swift in Sources */ = {isa = PBXBuildFile; fileRef = "__PBXFileRef_Packages/SwiftCLI-2.0.2/Sources/RawArguments.swift" /* RawArguments.swift */; };
		"__src_cc_ref_Packages/SwiftCLI-2.0.2/Sources/Router.swift" /* Router.swift in Sources */ = {isa = PBXBuildFile; fileRef = "__PBXFileRef_Packages/SwiftCLI-2.0.2/Sources/Router.swift" /* Router.swift */; };
		"__src_cc_ref_Packages/SwiftCLI-2.0.2/Sources/VersionCommand.swift" /* VersionCommand.swift in Sources */ = {isa = PBXBuildFile; fileRef = "__PBXFileRef_Packages/SwiftCLI-2.0.2/Sources/VersionCommand.swift" /* VersionCommand.swift */; };
		__src_cc_ref_Tests/chaitoolsTests/chaitoolsTests.swift /* chaitoolsTests.swift in Sources */ = {isa = PBXBuildFile; fileRef = __PBXFileRef_Tests/chaitoolsTests/chaitoolsTests.swift /* chaitoolsTests.swift */; };
/* End PBXBuildFile section */

/* Begin PBXContainerItemProxy section */
		1F3511B21E942C3C005E3068 /* PBXContainerItemProxy */ = {
			isa = PBXContainerItemProxy;
			containerPortal = __RootObject_ /* Project object */;
			proxyType = 1;
			remoteGlobalIDString = "______Target_SwiftCLI";
			remoteInfo = SwiftCLI;
		};
		1F3511B61E942E44005E3068 /* PBXContainerItemProxy */ = {
			isa = PBXContainerItemProxy;
			containerPortal = __RootObject_ /* Project object */;
			proxyType = 1;
			remoteGlobalIDString = 1F803B8D1E942679006B454F;
			remoteInfo = ChaiTools;
		};
		1F803BAF1E9428DA006B454F /* PBXContainerItemProxy */ = {
			isa = PBXContainerItemProxy;
			containerPortal = __RootObject_ /* Project object */;
			proxyType = 1;
			remoteGlobalIDString = 1F803B8D1E942679006B454F;
			remoteInfo = ChaiTools;
		};
		9810ED081DCCF0B500265BF4 /* PBXContainerItemProxy */ = {
			isa = PBXContainerItemProxy;
			containerPortal = __RootObject_ /* Project object */;
			proxyType = 1;
			remoteGlobalIDString = "______Target_SwiftCLI";
			remoteInfo = SwiftCLI;
		};
/* End PBXContainerItemProxy section */

/* Begin PBXFileReference section */
		1F01EFAE1E88F627006A2DE3 /* BootstrapCommand.swift */ = {isa = PBXFileReference; fileEncoding = 4; lastKnownFileType = sourcecode.swift; path = BootstrapCommand.swift; sourceTree = "<group>"; };
		1F0EE50F1E8402E9005331A0 /* FileOps.swift */ = {isa = PBXFileReference; fileEncoding = 4; lastKnownFileType = sourcecode.swift; path = FileOps.swift; sourceTree = "<group>"; };
		1F7FE0461E8E5D1900D91EC4 /* MessageTools.swift */ = {isa = PBXFileReference; fileEncoding = 4; lastKnownFileType = sourcecode.swift; path = MessageTools.swift; sourceTree = "<group>"; };
		1F803B8E1E942679006B454F /* ChaiTools.framework */ = {isa = PBXFileReference; explicitFileType = wrapper.framework; includeInIndex = 0; path = ChaiTools.framework; sourceTree = BUILT_PRODUCTS_DIR; };
		1F803B901E942679006B454F /* ChaiTools.h */ = {isa = PBXFileReference; lastKnownFileType = sourcecode.c.h; path = ChaiTools.h; sourceTree = "<group>"; };
		1F803B911E942679006B454F /* Info.plist */ = {isa = PBXFileReference; lastKnownFileType = text.plist.xml; path = Info.plist; sourceTree = "<group>"; };
		1FF4FDD11E8BA53C007CDF35 /* AndroidBootstrap.swift */ = {isa = PBXFileReference; fileEncoding = 4; lastKnownFileType = sourcecode.swift; path = AndroidBootstrap.swift; sourceTree = "<group>"; };
		9810ED0A1DCCF0F600265BF4 /* TemplatesCommand.swift */ = {isa = PBXFileReference; fileEncoding = 4; lastKnownFileType = sourcecode.swift; path = TemplatesCommand.swift; sourceTree = "<group>"; };
		982B1D021DD12A5600B7A4A6 /* String+ChaiTools.swift */ = {isa = PBXFileReference; fileEncoding = 4; lastKnownFileType = sourcecode.swift; path = "String+ChaiTools.swift"; sourceTree = "<group>"; };
		982B1D051DD12A7100B7A4A6 /* URL+ChaiTools.swift */ = {isa = PBXFileReference; fileEncoding = 4; lastKnownFileType = sourcecode.swift; path = "URL+ChaiTools.swift"; sourceTree = "<group>"; };
		989413591DD265540059DF5A /* GitRepo.swift */ = {isa = PBXFileReference; fileEncoding = 4; lastKnownFileType = sourcecode.swift; path = GitRepo.swift; sourceTree = "<group>"; };
		9894135C1DD376320059DF5A /* Process+ChaiTools.swift */ = {isa = PBXFileReference; fileEncoding = 4; lastKnownFileType = sourcecode.swift; path = "Process+ChaiTools.swift"; sourceTree = "<group>"; };
		__PBXFileRef_Package.swift /* Package.swift */ = {isa = PBXFileReference; lastKnownFileType = sourcecode.swift; path = Package.swift; sourceTree = "<group>"; };
		"__PBXFileRef_Packages/SwiftCLI-2.0.2/Sources/CLI.swift" /* CLI.swift */ = {isa = PBXFileReference; lastKnownFileType = sourcecode.swift; path = CLI.swift; sourceTree = "<group>"; };
		"__PBXFileRef_Packages/SwiftCLI-2.0.2/Sources/ChainableCommand.swift" /* ChainableCommand.swift */ = {isa = PBXFileReference; lastKnownFileType = sourcecode.swift; path = ChainableCommand.swift; sourceTree = "<group>"; };
		"__PBXFileRef_Packages/SwiftCLI-2.0.2/Sources/Command.swift" /* Command.swift */ = {isa = PBXFileReference; lastKnownFileType = sourcecode.swift; path = Command.swift; sourceTree = "<group>"; };
		"__PBXFileRef_Packages/SwiftCLI-2.0.2/Sources/CommandArgumentParser.swift" /* CommandArgumentParser.swift */ = {isa = PBXFileReference; lastKnownFileType = sourcecode.swift; path = CommandArgumentParser.swift; sourceTree = "<group>"; };
		"__PBXFileRef_Packages/SwiftCLI-2.0.2/Sources/CommandArguments.swift" /* CommandArguments.swift */ = {isa = PBXFileReference; lastKnownFileType = sourcecode.swift; path = CommandArguments.swift; sourceTree = "<group>"; };
		"__PBXFileRef_Packages/SwiftCLI-2.0.2/Sources/CommandMessageGenerator.swift" /* CommandMessageGenerator.swift */ = {isa = PBXFileReference; lastKnownFileType = sourcecode.swift; path = CommandMessageGenerator.swift; sourceTree = "<group>"; };
		"__PBXFileRef_Packages/SwiftCLI-2.0.2/Sources/CommandSignature.swift" /* CommandSignature.swift */ = {isa = PBXFileReference; lastKnownFileType = sourcecode.swift; path = CommandSignature.swift; sourceTree = "<group>"; };
		"__PBXFileRef_Packages/SwiftCLI-2.0.2/Sources/Extensions.swift" /* Extensions.swift */ = {isa = PBXFileReference; lastKnownFileType = sourcecode.swift; path = Extensions.swift; sourceTree = "<group>"; };
		"__PBXFileRef_Packages/SwiftCLI-2.0.2/Sources/HelpCommand.swift" /* HelpCommand.swift */ = {isa = PBXFileReference; lastKnownFileType = sourcecode.swift; path = HelpCommand.swift; sourceTree = "<group>"; };
		"__PBXFileRef_Packages/SwiftCLI-2.0.2/Sources/Input.swift" /* Input.swift */ = {isa = PBXFileReference; lastKnownFileType = sourcecode.swift; path = Input.swift; sourceTree = "<group>"; };
		"__PBXFileRef_Packages/SwiftCLI-2.0.2/Sources/LightweightCommand.swift" /* LightweightCommand.swift */ = {isa = PBXFileReference; lastKnownFileType = sourcecode.swift; path = LightweightCommand.swift; sourceTree = "<group>"; };
		"__PBXFileRef_Packages/SwiftCLI-2.0.2/Sources/OptionParser.swift" /* OptionParser.swift */ = {isa = PBXFileReference; lastKnownFileType = sourcecode.swift; path = OptionParser.swift; sourceTree = "<group>"; };
		"__PBXFileRef_Packages/SwiftCLI-2.0.2/Sources/OptionRegistry.swift" /* OptionRegistry.swift */ = {isa = PBXFileReference; lastKnownFileType = sourcecode.swift; path = OptionRegistry.swift; sourceTree = "<group>"; };
		"__PBXFileRef_Packages/SwiftCLI-2.0.2/Sources/Output.swift" /* Output.swift */ = {isa = PBXFileReference; lastKnownFileType = sourcecode.swift; path = Output.swift; sourceTree = "<group>"; };
		"__PBXFileRef_Packages/SwiftCLI-2.0.2/Sources/RawArgumentParser.swift" /* RawArgumentParser.swift */ = {isa = PBXFileReference; lastKnownFileType = sourcecode.swift; path = RawArgumentParser.swift; sourceTree = "<group>"; };
		"__PBXFileRef_Packages/SwiftCLI-2.0.2/Sources/RawArguments.swift" /* RawArguments.swift */ = {isa = PBXFileReference; lastKnownFileType = sourcecode.swift; path = RawArguments.swift; sourceTree = "<group>"; };
		"__PBXFileRef_Packages/SwiftCLI-2.0.2/Sources/Router.swift" /* Router.swift */ = {isa = PBXFileReference; lastKnownFileType = sourcecode.swift; path = Router.swift; sourceTree = "<group>"; };
		"__PBXFileRef_Packages/SwiftCLI-2.0.2/Sources/VersionCommand.swift" /* VersionCommand.swift */ = {isa = PBXFileReference; lastKnownFileType = sourcecode.swift; path = VersionCommand.swift; sourceTree = "<group>"; };
		__PBXFileRef_Sources/main.swift /* main.swift */ = {isa = PBXFileReference; lastKnownFileType = sourcecode.swift; path = main.swift; sourceTree = "<group>"; };
		__PBXFileRef_Tests/chaitoolsTests/chaitoolsTests.swift /* chaitoolsTests.swift */ = {isa = PBXFileReference; lastKnownFileType = sourcecode.swift; path = chaitoolsTests.swift; sourceTree = "<group>"; };
		__PBXFileRef_chaitools.xcodeproj/Configs/Project.xcconfig /* chaitools.xcodeproj/Configs/Project.xcconfig */ = {isa = PBXFileReference; lastKnownFileType = text.xcconfig; path = chaitools.xcodeproj/Configs/Project.xcconfig; sourceTree = "<group>"; };
		"_____Product_SwiftCLI" /* SwiftCLI.framework */ = {isa = PBXFileReference; explicitFileType = wrapper.framework; path = SwiftCLI.framework; sourceTree = BUILT_PRODUCTS_DIR; };
		"_____Product_chaitools" /* chaitools-cli */ = {isa = PBXFileReference; explicitFileType = "compiled.mach-o.executable"; path = "chaitools-cli"; sourceTree = BUILT_PRODUCTS_DIR; };
		"_____Product_chaitoolsTests" /* chaitoolsTests.xctest */ = {isa = PBXFileReference; explicitFileType = wrapper.cfbundle; path = chaitoolsTests.xctest; sourceTree = BUILT_PRODUCTS_DIR; };
/* End PBXFileReference section */

/* Begin PBXFrameworksBuildPhase section */
		1F803B8A1E942679006B454F /* Frameworks */ = {
			isa = PBXFrameworksBuildPhase;
			buildActionMask = 2147483647;
			files = (
				1F3511B11E942C37005E3068 /* SwiftCLI.framework in Frameworks */,
			);
			runOnlyForDeploymentPostprocessing = 0;
		};
		"___LinkPhase_SwiftCLI" /* Frameworks */ = {
			isa = PBXFrameworksBuildPhase;
			buildActionMask = 0;
			files = (
			);
			runOnlyForDeploymentPostprocessing = 0;
		};
		"___LinkPhase_chaitools" /* Frameworks */ = {
			isa = PBXFrameworksBuildPhase;
			buildActionMask = 0;
			files = (
				1F803BAE1E9428CF006B454F /* SwiftCLI.framework in Frameworks */,
			);
			runOnlyForDeploymentPostprocessing = 0;
		};
		"___LinkPhase_chaitoolsTests" /* Frameworks */ = {
			isa = PBXFrameworksBuildPhase;
			buildActionMask = 0;
			files = (
				1F803BB11E9428DE006B454F /* ChaiTools.framework in Frameworks */,
				_LinkFileRef_SwiftCLI_via_chaitoolsTests /* SwiftCLI.framework in Frameworks */,
			);
			runOnlyForDeploymentPostprocessing = 0;
		};
/* End PBXFrameworksBuildPhase section */

/* Begin PBXGroup section */
		1F803B8F1E942679006B454F /* ChaiTools */ = {
			isa = PBXGroup;
			children = (
				1F803B901E942679006B454F /* ChaiTools.h */,
				1F803B911E942679006B454F /* Info.plist */,
			);
			path = ChaiTools;
			sourceTree = "<group>";
		};
		1FF4FDD01E8BA515007CDF35 /* Bootstrappers */ = {
			isa = PBXGroup;
			children = (
				1FF4FDD11E8BA53C007CDF35 /* AndroidBootstrap.swift */,
			);
			name = Bootstrappers;
			sourceTree = "<group>";
		};
		981136411DD38AF200CEE7B3 /* Commands */ = {
			isa = PBXGroup;
			children = (
				9810ED0A1DCCF0F600265BF4 /* TemplatesCommand.swift */,
				1F01EFAE1E88F627006A2DE3 /* BootstrapCommand.swift */,
			);
			name = Commands;
			sourceTree = "<group>";
		};
		981136421DD38B0100CEE7B3 /* Extensions */ = {
			isa = PBXGroup;
			children = (
				9894135C1DD376320059DF5A /* Process+ChaiTools.swift */,
				982B1D021DD12A5600B7A4A6 /* String+ChaiTools.swift */,
				982B1D051DD12A7100B7A4A6 /* URL+ChaiTools.swift */,
			);
			name = Extensions;
			sourceTree = "<group>";
		};
		981136431DD38B0800CEE7B3 /* Helpers */ = {
			isa = PBXGroup;
			children = (
				989413591DD265540059DF5A /* GitRepo.swift */,
				1F0EE50F1E8402E9005331A0 /* FileOps.swift */,
				1F7FE0461E8E5D1900D91EC4 /* MessageTools.swift */,
			);
			name = Helpers;
			sourceTree = "<group>";
		};
		Dependencies_ /* Dependencies */ = {
			isa = PBXGroup;
			children = (
				"_______Group_SwiftCLI" /* SwiftCLI */,
			);
			name = Dependencies;
			sourceTree = "<group>";
		};
		TestProducts_ /* Tests */ = {
			isa = PBXGroup;
			children = (
				"_____Product_chaitoolsTests" /* chaitoolsTests.xctest */,
			);
			name = Tests;
			sourceTree = "<group>";
		};
		"___RootGroup_" = {
			isa = PBXGroup;
			children = (
				__PBXFileRef_Package.swift /* Package.swift */,
				"_____Configs_" /* Configs */,
				"_____Sources_" /* Sources */,
				Dependencies_ /* Dependencies */,
				"_______Tests_" /* Tests */,
				1F803B8F1E942679006B454F /* ChaiTools */,
				"____Products_" /* Products */,
			);
			sourceTree = "<group>";
		};
		"____Products_" /* Products */ = {
			isa = PBXGroup;
			children = (
				TestProducts_ /* Tests */,
				"_____Product_SwiftCLI" /* SwiftCLI.framework */,
				"_____Product_chaitools" /* chaitools-cli */,
				1F803B8E1E942679006B454F /* ChaiTools.framework */,
			);
			name = Products;
			sourceTree = "<group>";
		};
		"_____Configs_" /* Configs */ = {
			isa = PBXGroup;
			children = (
				__PBXFileRef_chaitools.xcodeproj/Configs/Project.xcconfig /* chaitools.xcodeproj/Configs/Project.xcconfig */,
			);
			name = Configs;
			sourceTree = "<group>";
		};
		"_____Sources_" /* Sources */ = {
			isa = PBXGroup;
			children = (
				"_______Group_chaitools" /* chaitools */,
			);
			name = Sources;
			sourceTree = "<group>";
		};
		"_______Group_SwiftCLI" /* SwiftCLI */ = {
			isa = PBXGroup;
			children = (
				"__PBXFileRef_Packages/SwiftCLI-2.0.2/Sources/ChainableCommand.swift" /* ChainableCommand.swift */,
				"__PBXFileRef_Packages/SwiftCLI-2.0.2/Sources/CLI.swift" /* CLI.swift */,
				"__PBXFileRef_Packages/SwiftCLI-2.0.2/Sources/Command.swift" /* Command.swift */,
				"__PBXFileRef_Packages/SwiftCLI-2.0.2/Sources/CommandArgumentParser.swift" /* CommandArgumentParser.swift */,
				"__PBXFileRef_Packages/SwiftCLI-2.0.2/Sources/CommandArguments.swift" /* CommandArguments.swift */,
				"__PBXFileRef_Packages/SwiftCLI-2.0.2/Sources/CommandMessageGenerator.swift" /* CommandMessageGenerator.swift */,
				"__PBXFileRef_Packages/SwiftCLI-2.0.2/Sources/CommandSignature.swift" /* CommandSignature.swift */,
				"__PBXFileRef_Packages/SwiftCLI-2.0.2/Sources/Extensions.swift" /* Extensions.swift */,
				"__PBXFileRef_Packages/SwiftCLI-2.0.2/Sources/HelpCommand.swift" /* HelpCommand.swift */,
				"__PBXFileRef_Packages/SwiftCLI-2.0.2/Sources/Input.swift" /* Input.swift */,
				"__PBXFileRef_Packages/SwiftCLI-2.0.2/Sources/LightweightCommand.swift" /* LightweightCommand.swift */,
				"__PBXFileRef_Packages/SwiftCLI-2.0.2/Sources/OptionParser.swift" /* OptionParser.swift */,
				"__PBXFileRef_Packages/SwiftCLI-2.0.2/Sources/OptionRegistry.swift" /* OptionRegistry.swift */,
				"__PBXFileRef_Packages/SwiftCLI-2.0.2/Sources/Output.swift" /* Output.swift */,
				"__PBXFileRef_Packages/SwiftCLI-2.0.2/Sources/RawArgumentParser.swift" /* RawArgumentParser.swift */,
				"__PBXFileRef_Packages/SwiftCLI-2.0.2/Sources/RawArguments.swift" /* RawArguments.swift */,
				"__PBXFileRef_Packages/SwiftCLI-2.0.2/Sources/Router.swift" /* Router.swift */,
				"__PBXFileRef_Packages/SwiftCLI-2.0.2/Sources/VersionCommand.swift" /* VersionCommand.swift */,
			);
			name = SwiftCLI;
			path = "Packages/SwiftCLI-2.0.2/Sources";
			sourceTree = "<group>";
		};
		"_______Group_chaitools" /* chaitools */ = {
			isa = PBXGroup;
			children = (
				1FF4FDD01E8BA515007CDF35 /* Bootstrappers */,
				981136421DD38B0100CEE7B3 /* Extensions */,
				981136431DD38B0800CEE7B3 /* Helpers */,
				981136411DD38AF200CEE7B3 /* Commands */,
				__PBXFileRef_Sources/main.swift /* main.swift */,
			);
			name = chaitools;
			path = Sources;
			sourceTree = "<group>";
		};
		"_______Group_chaitoolsTests" /* chaitoolsTests */ = {
			isa = PBXGroup;
			children = (
				__PBXFileRef_Tests/chaitoolsTests/chaitoolsTests.swift /* chaitoolsTests.swift */,
			);
			name = chaitoolsTests;
			path = Tests/chaitoolsTests;
			sourceTree = "<group>";
		};
		"_______Tests_" /* Tests */ = {
			isa = PBXGroup;
			children = (
				"_______Group_chaitoolsTests" /* chaitoolsTests */,
			);
			name = Tests;
			sourceTree = "<group>";
		};
/* End PBXGroup section */

/* Begin PBXHeadersBuildPhase section */
		1F803B8B1E942679006B454F /* Headers */ = {
			isa = PBXHeadersBuildPhase;
			buildActionMask = 2147483647;
			files = (
			);
			runOnlyForDeploymentPostprocessing = 0;
		};
/* End PBXHeadersBuildPhase section */

/* Begin PBXNativeTarget section */
		1F803B8D1E942679006B454F /* ChaiTools */ = {
			isa = PBXNativeTarget;
			buildConfigurationList = 1F803B951E942679006B454F /* Build configuration list for PBXNativeTarget "ChaiTools" */;
			buildPhases = (
				1F803B891E942679006B454F /* Sources */,
				1F803B8A1E942679006B454F /* Frameworks */,
				1F803B8B1E942679006B454F /* Headers */,
				1F803B8C1E942679006B454F /* Resources */,
				1FCA64861E9682A9002B84F7 /* Swift Format */,
			);
			buildRules = (
			);
			dependencies = (
				1F3511B31E942C3C005E3068 /* PBXTargetDependency */,
			);
			name = ChaiTools;
			productName = ChaiTools;
			productReference = 1F803B8E1E942679006B454F /* ChaiTools.framework */;
			productType = "com.apple.product-type.framework";
		};
		"______Target_SwiftCLI" /* SwiftCLI */ = {
			isa = PBXNativeTarget;
			buildConfigurationList = "_______Confs_SwiftCLI" /* Build configuration list for PBXNativeTarget "SwiftCLI" */;
			buildPhases = (
				CompilePhase_SwiftCLI /* Sources */,
				"___LinkPhase_SwiftCLI" /* Frameworks */,
			);
			buildRules = (
			);
			dependencies = (
			);
			name = SwiftCLI;
			productName = SwiftCLI;
			productReference = "_____Product_SwiftCLI" /* SwiftCLI.framework */;
			productType = "com.apple.product-type.framework";
		};
		"______Target_chaitools" /* chaitools-cli */ = {
			isa = PBXNativeTarget;
			buildConfigurationList = "_______Confs_chaitools" /* Build configuration list for PBXNativeTarget "chaitools-cli" */;
			buildPhases = (
				CompilePhase_chaitools /* Sources */,
				"___LinkPhase_chaitools" /* Frameworks */,
				1FCA64871E96839B002B84F7 /* Swift Format */,
			);
			buildRules = (
			);
			dependencies = (
				1F3511B71E942E44005E3068 /* PBXTargetDependency */,
				__Dependency_SwiftCLI /* PBXTargetDependency */,
				__Dependency_SwiftCLI /* PBXTargetDependency */,
			);
			name = "chaitools-cli";
			productName = chaitools;
			productReference = "_____Product_chaitools" /* chaitools-cli */;
			productType = "com.apple.product-type.tool";
		};
		"______Target_chaitoolsTests" /* chaitoolsTests */ = {
			isa = PBXNativeTarget;
			buildConfigurationList = "_______Confs_chaitoolsTests" /* Build configuration list for PBXNativeTarget "chaitoolsTests" */;
			buildPhases = (
				CompilePhase_chaitoolsTests /* Sources */,
				"___LinkPhase_chaitoolsTests" /* Frameworks */,
			);
			buildRules = (
			);
			dependencies = (
				1F803BB01E9428DA006B454F /* PBXTargetDependency */,
				__Dependency_SwiftCLI /* PBXTargetDependency */,
			);
			name = chaitoolsTests;
			productName = chaitoolsTests;
			productReference = "_____Product_chaitoolsTests" /* chaitoolsTests.xctest */;
			productType = "com.apple.product-type.bundle.unit-test";
		};
/* End PBXNativeTarget section */

/* Begin PBXProject section */
		__RootObject_ /* Project object */ = {
			isa = PBXProject;
			attributes = {
				LastUpgradeCheck = 9999;
				TargetAttributes = {
					1F803B8D1E942679006B454F = {
						CreatedOnToolsVersion = 8.2.1;
						ProvisioningStyle = Manual;
					};
				};
			};
			buildConfigurationList = "___RootConfs_" /* Build configuration list for PBXProject "chaitools" */;
			compatibilityVersion = "Xcode 3.2";
			developmentRegion = English;
			hasScannedForEncodings = 0;
			knownRegions = (
				en,
			);
			mainGroup = "___RootGroup_";
			productRefGroup = "____Products_" /* Products */;
			projectDirPath = "";
			projectRoot = "";
			targets = (
				"______Target_SwiftCLI" /* SwiftCLI */,
				"______Target_chaitools" /* chaitools-cli */,
				"______Target_chaitoolsTests" /* chaitoolsTests */,
				1F803B8D1E942679006B454F /* ChaiTools */,
			);
		};
/* End PBXProject section */

/* Begin PBXResourcesBuildPhase section */
		1F803B8C1E942679006B454F /* Resources */ = {
			isa = PBXResourcesBuildPhase;
			buildActionMask = 2147483647;
			files = (
			);
			runOnlyForDeploymentPostprocessing = 0;
		};
/* End PBXResourcesBuildPhase section */

/* Begin PBXShellScriptBuildPhase section */
		1FCA64861E9682A9002B84F7 /* Swift Format */ = {
			isa = PBXShellScriptBuildPhase;
			buildActionMask = 2147483647;
			files = (
			);
			inputPaths = (
			);
			name = "Swift Format";
			outputPaths = (
			);
			runOnlyForDeploymentPostprocessing = 0;
			shellPath = /bin/sh;
			shellScript = "\"${PROJECT_DIR}/../scripts/swiftformat\" \"${SRCROOT}/Sources/\"";
		};
		1FCA64871E96839B002B84F7 /* Swift Format */ = {
			isa = PBXShellScriptBuildPhase;
			buildActionMask = 2147483647;
			files = (
			);
			inputPaths = (
			);
			name = "Swift Format";
			outputPaths = (
			);
			runOnlyForDeploymentPostprocessing = 0;
			shellPath = /bin/sh;
			shellScript = "\"${PROJECT_DIR}/../scripts/swiftformat\" \"${SRCROOT}/Sources/\"";
		};
/* End PBXShellScriptBuildPhase section */

/* Begin PBXSourcesBuildPhase section */
		1F803B891E942679006B454F /* Sources */ = {
			isa = PBXSourcesBuildPhase;
			buildActionMask = 2147483647;
			files = (
				1F7F932A1E95865900B1301C /* MessageTools.swift in Sources */,
				1F7F93291E95864700B1301C /* AndroidBootstrap.swift in Sources */,
				1F803B961E94268A006B454F /* Process+ChaiTools.swift in Sources */,
				1F803B9A1E94268A006B454F /* FileOps.swift in Sources */,
				1F803B981E94268A006B454F /* URL+ChaiTools.swift in Sources */,
				1F803B9B1E94268A006B454F /* TemplatesCommand.swift in Sources */,
				1F803B9C1E94268A006B454F /* BootstrapCommand.swift in Sources */,
				1F803B991E94268A006B454F /* GitRepo.swift in Sources */,
				1F803B971E94268A006B454F /* String+ChaiTools.swift in Sources */,
			);
			runOnlyForDeploymentPostprocessing = 0;
		};
		CompilePhase_SwiftCLI /* Sources */ = {
			isa = PBXSourcesBuildPhase;
			buildActionMask = 0;
			files = (
				"__src_cc_ref_Packages/SwiftCLI-2.0.2/Sources/ChainableCommand.swift" /* ChainableCommand.swift in Sources */,
				"__src_cc_ref_Packages/SwiftCLI-2.0.2/Sources/CLI.swift" /* CLI.swift in Sources */,
				"__src_cc_ref_Packages/SwiftCLI-2.0.2/Sources/Command.swift" /* Command.swift in Sources */,
				"__src_cc_ref_Packages/SwiftCLI-2.0.2/Sources/CommandArgumentParser.swift" /* CommandArgumentParser.swift in Sources */,
				"__src_cc_ref_Packages/SwiftCLI-2.0.2/Sources/CommandArguments.swift" /* CommandArguments.swift in Sources */,
				"__src_cc_ref_Packages/SwiftCLI-2.0.2/Sources/CommandMessageGenerator.swift" /* CommandMessageGenerator.swift in Sources */,
				"__src_cc_ref_Packages/SwiftCLI-2.0.2/Sources/CommandSignature.swift" /* CommandSignature.swift in Sources */,
				"__src_cc_ref_Packages/SwiftCLI-2.0.2/Sources/Extensions.swift" /* Extensions.swift in Sources */,
				"__src_cc_ref_Packages/SwiftCLI-2.0.2/Sources/HelpCommand.swift" /* HelpCommand.swift in Sources */,
				"__src_cc_ref_Packages/SwiftCLI-2.0.2/Sources/Input.swift" /* Input.swift in Sources */,
				"__src_cc_ref_Packages/SwiftCLI-2.0.2/Sources/LightweightCommand.swift" /* LightweightCommand.swift in Sources */,
				"__src_cc_ref_Packages/SwiftCLI-2.0.2/Sources/OptionParser.swift" /* OptionParser.swift in Sources */,
				"__src_cc_ref_Packages/SwiftCLI-2.0.2/Sources/OptionRegistry.swift" /* OptionRegistry.swift in Sources */,
				"__src_cc_ref_Packages/SwiftCLI-2.0.2/Sources/Output.swift" /* Output.swift in Sources */,
				"__src_cc_ref_Packages/SwiftCLI-2.0.2/Sources/RawArgumentParser.swift" /* RawArgumentParser.swift in Sources */,
				"__src_cc_ref_Packages/SwiftCLI-2.0.2/Sources/RawArguments.swift" /* RawArguments.swift in Sources */,
				"__src_cc_ref_Packages/SwiftCLI-2.0.2/Sources/Router.swift" /* Router.swift in Sources */,
				"__src_cc_ref_Packages/SwiftCLI-2.0.2/Sources/VersionCommand.swift" /* VersionCommand.swift in Sources */,
			);
			runOnlyForDeploymentPostprocessing = 0;
		};
		CompilePhase_chaitools /* Sources */ = {
			isa = PBXSourcesBuildPhase;
			buildActionMask = 0;
			files = (
				1F803BAB1E942838006B454F /* main.swift in Sources */,
			);
			runOnlyForDeploymentPostprocessing = 0;
		};
		CompilePhase_chaitoolsTests /* Sources */ = {
			isa = PBXSourcesBuildPhase;
			buildActionMask = 0;
			files = (
				__src_cc_ref_Tests/chaitoolsTests/chaitoolsTests.swift /* chaitoolsTests.swift in Sources */,
			);
			runOnlyForDeploymentPostprocessing = 0;
		};
/* End PBXSourcesBuildPhase section */

/* Begin PBXTargetDependency section */
		1F3511B31E942C3C005E3068 /* PBXTargetDependency */ = {
			isa = PBXTargetDependency;
			target = "______Target_SwiftCLI" /* SwiftCLI */;
			targetProxy = 1F3511B21E942C3C005E3068 /* PBXContainerItemProxy */;
		};
		1F3511B71E942E44005E3068 /* PBXTargetDependency */ = {
			isa = PBXTargetDependency;
			target = 1F803B8D1E942679006B454F /* ChaiTools */;
			targetProxy = 1F3511B61E942E44005E3068 /* PBXContainerItemProxy */;
		};
		1F803BB01E9428DA006B454F /* PBXTargetDependency */ = {
			isa = PBXTargetDependency;
			target = 1F803B8D1E942679006B454F /* ChaiTools */;
			targetProxy = 1F803BAF1E9428DA006B454F /* PBXContainerItemProxy */;
		};
		__Dependency_SwiftCLI /* PBXTargetDependency */ = {
			isa = PBXTargetDependency;
			target = "______Target_SwiftCLI" /* SwiftCLI */;
			targetProxy = 9810ED081DCCF0B500265BF4 /* PBXContainerItemProxy */;
		};
/* End PBXTargetDependency section */

/* Begin XCBuildConfiguration section */
		1F803B931E942679006B454F /* Debug */ = {
			isa = XCBuildConfiguration;
			baseConfigurationReference = __PBXFileRef_chaitools.xcodeproj/Configs/Project.xcconfig /* chaitools.xcodeproj/Configs/Project.xcconfig */;
			buildSettings = {
				ALWAYS_SEARCH_USER_PATHS = NO;
				CLANG_ANALYZER_NONNULL = YES;
				CLANG_CXX_LANGUAGE_STANDARD = "gnu++0x";
				CLANG_CXX_LIBRARY = "libc++";
				CLANG_ENABLE_MODULES = YES;
				CLANG_ENABLE_OBJC_ARC = YES;
				CLANG_WARN_BOOL_CONVERSION = YES;
				CLANG_WARN_CONSTANT_CONVERSION = YES;
				CLANG_WARN_DIRECT_OBJC_ISA_USAGE = YES_ERROR;
				CLANG_WARN_DOCUMENTATION_COMMENTS = YES;
				CLANG_WARN_EMPTY_BODY = YES;
				CLANG_WARN_ENUM_CONVERSION = YES;
				CLANG_WARN_INFINITE_RECURSION = YES;
				CLANG_WARN_INT_CONVERSION = YES;
				CLANG_WARN_OBJC_ROOT_CLASS = YES_ERROR;
				CLANG_WARN_SUSPICIOUS_MOVE = YES;
				CLANG_WARN_UNREACHABLE_CODE = YES;
				CLANG_WARN__DUPLICATE_METHOD_MATCH = YES;
				CODE_SIGN_IDENTITY = "-";
				COMBINE_HIDPI_IMAGES = YES;
				COPY_PHASE_STRIP = NO;
				CURRENT_PROJECT_VERSION = 1;
				DEBUG_INFORMATION_FORMAT = dwarf;
				DEFINES_MODULE = YES;
				DEVELOPMENT_TEAM = "";
				DYLIB_COMPATIBILITY_VERSION = 1;
				DYLIB_CURRENT_VERSION = 1;
				DYLIB_INSTALL_NAME_BASE = "@rpath";
				ENABLE_STRICT_OBJC_MSGSEND = YES;
				ENABLE_TESTABILITY = YES;
				FRAMEWORK_VERSION = A;
				GCC_C_LANGUAGE_STANDARD = gnu99;
				GCC_DYNAMIC_NO_PIC = NO;
				GCC_NO_COMMON_BLOCKS = YES;
				GCC_OPTIMIZATION_LEVEL = 0;
				GCC_PREPROCESSOR_DEFINITIONS = (
					"DEBUG=1",
					"$(inherited)",
				);
				GCC_WARN_64_TO_32_BIT_CONVERSION = YES;
				GCC_WARN_ABOUT_RETURN_TYPE = YES_ERROR;
				GCC_WARN_UNDECLARED_SELECTOR = YES;
				GCC_WARN_UNINITIALIZED_AUTOS = YES_AGGRESSIVE;
				GCC_WARN_UNUSED_FUNCTION = YES;
				GCC_WARN_UNUSED_VARIABLE = YES;
				INFOPLIST_FILE = ChaiTools/Info.plist;
				INSTALL_PATH = "";
				LD_RUNPATH_SEARCH_PATHS = "$(inherited) @executable_path/../Frameworks @loader_path/Frameworks";
				MACOSX_DEPLOYMENT_TARGET = 10.12;
				MTL_ENABLE_DEBUG_INFO = YES;
				ONLY_ACTIVE_ARCH = NO;
				PRODUCT_BUNDLE_IDENTIFIER = com.chaione.ChaiTools;
				PRODUCT_NAME = "$(TARGET_NAME)";
				SDKROOT = macosx;
				SKIP_INSTALL = YES;
				SWIFT_ACTIVE_COMPILATION_CONDITIONS = DEBUG;
				SWIFT_OPTIMIZATION_LEVEL = "-Onone";
				SWIFT_VERSION = 3.0;
				VERSIONING_SYSTEM = "apple-generic";
				VERSION_INFO_PREFIX = "";
			};
			name = Debug;
		};
		1F803B941E942679006B454F /* Release */ = {
			isa = XCBuildConfiguration;
			buildSettings = {
				ALWAYS_SEARCH_USER_PATHS = NO;
				CLANG_ANALYZER_NONNULL = YES;
				CLANG_CXX_LANGUAGE_STANDARD = "gnu++0x";
				CLANG_CXX_LIBRARY = "libc++";
				CLANG_ENABLE_MODULES = YES;
				CLANG_ENABLE_OBJC_ARC = YES;
				CLANG_WARN_BOOL_CONVERSION = YES;
				CLANG_WARN_CONSTANT_CONVERSION = YES;
				CLANG_WARN_DIRECT_OBJC_ISA_USAGE = YES_ERROR;
				CLANG_WARN_DOCUMENTATION_COMMENTS = YES;
				CLANG_WARN_EMPTY_BODY = YES;
				CLANG_WARN_ENUM_CONVERSION = YES;
				CLANG_WARN_INFINITE_RECURSION = YES;
				CLANG_WARN_INT_CONVERSION = YES;
				CLANG_WARN_OBJC_ROOT_CLASS = YES_ERROR;
				CLANG_WARN_SUSPICIOUS_MOVE = YES;
				CLANG_WARN_UNREACHABLE_CODE = YES;
				CLANG_WARN__DUPLICATE_METHOD_MATCH = YES;
				CODE_SIGN_IDENTITY = "-";
				COMBINE_HIDPI_IMAGES = YES;
				COPY_PHASE_STRIP = NO;
				CURRENT_PROJECT_VERSION = 1;
				DEBUG_INFORMATION_FORMAT = "dwarf-with-dsym";
				DEFINES_MODULE = YES;
				DEVELOPMENT_TEAM = "";
				DYLIB_COMPATIBILITY_VERSION = 1;
				DYLIB_CURRENT_VERSION = 1;
				DYLIB_INSTALL_NAME_BASE = "@rpath";
				ENABLE_NS_ASSERTIONS = NO;
				ENABLE_STRICT_OBJC_MSGSEND = YES;
				ENABLE_TESTABILITY = YES;
				FRAMEWORK_VERSION = A;
				GCC_C_LANGUAGE_STANDARD = gnu99;
				GCC_NO_COMMON_BLOCKS = YES;
				GCC_WARN_64_TO_32_BIT_CONVERSION = YES;
				GCC_WARN_ABOUT_RETURN_TYPE = YES_ERROR;
				GCC_WARN_UNDECLARED_SELECTOR = YES;
				GCC_WARN_UNINITIALIZED_AUTOS = YES_AGGRESSIVE;
				GCC_WARN_UNUSED_FUNCTION = YES;
				GCC_WARN_UNUSED_VARIABLE = YES;
				INFOPLIST_FILE = ChaiTools/Info.plist;
				INSTALL_PATH = "";
				LD_RUNPATH_SEARCH_PATHS = "$(inherited) @executable_path/../Frameworks @loader_path/Frameworks";
				MACOSX_DEPLOYMENT_TARGET = 10.12;
				MTL_ENABLE_DEBUG_INFO = NO;
				ONLY_ACTIVE_ARCH = YES;
				PRODUCT_BUNDLE_IDENTIFIER = com.chaione.ChaiTools;
				PRODUCT_NAME = "$(TARGET_NAME)";
				SDKROOT = macosx;
				SKIP_INSTALL = YES;
				SWIFT_OPTIMIZATION_LEVEL = "-Owholemodule";
				SWIFT_VERSION = 3.0;
				VERSIONING_SYSTEM = "apple-generic";
				VERSION_INFO_PREFIX = "";
			};
			name = Release;
		};
		_ReleaseConf_SwiftCLI /* Release */ = {
			isa = XCBuildConfiguration;
			buildSettings = {
				ENABLE_TESTABILITY = YES;
				FRAMEWORK_SEARCH_PATHS = "$(PLATFORM_DIR)/Developer/Library/Frameworks";
				INFOPLIST_FILE = chaitools.xcodeproj/SwiftCLI_Info.plist;
				LD_RUNPATH_SEARCH_PATHS = "$(TOOLCHAIN_DIR)/usr/lib/swift/macosx";
				MACOSX_DEPLOYMENT_TARGET = 10.12;
				OTHER_LDFLAGS = "$(inherited)";
				OTHER_SWIFT_FLAGS = "$(inherited)";
				PRODUCT_BUNDLE_IDENTIFIER = SwiftCLI;
				PRODUCT_MODULE_NAME = "$(TARGET_NAME:c99extidentifier)";
				PRODUCT_NAME = "$(TARGET_NAME:c99extidentifier)";
				SWIFT_VERSION = 3.0;
			};
			name = Release;
		};
		_ReleaseConf_chaitools /* Release */ = {
			isa = XCBuildConfiguration;
			buildSettings = {
				FRAMEWORK_SEARCH_PATHS = (
					"$(PLATFORM_DIR)/Developer/Library/Frameworks",
					"$(PROJECT_DIR)/**",
				);
				LD_RUNPATH_SEARCH_PATHS = "$(TOOLCHAIN_DIR)/usr/lib/swift/macosx @executable_path $(SRC_ROOT)";
				OTHER_LDFLAGS = "$(inherited)";
				OTHER_SWIFT_FLAGS = "$(inherited)";
				SWIFT_FORCE_DYNAMIC_LINK_STDLIB = YES;
				SWIFT_FORCE_STATIC_LINK_STDLIB = NO;
				SWIFT_VERSION = 3.0;
			};
			name = Release;
		};
		_ReleaseConf_chaitoolsTests /* Release */ = {
			isa = XCBuildConfiguration;
			buildSettings = {
				EMBEDDED_CONTENT_CONTAINS_SWIFT = YES;
				ENABLE_TESTABILITY = NO;
				FRAMEWORK_SEARCH_PATHS = "$(PLATFORM_DIR)/Developer/Library/Frameworks";
				INFOPLIST_FILE = chaitools.xcodeproj/chaitoolsTests_Info.plist;
				LD_RUNPATH_SEARCH_PATHS = "@loader_path/../Frameworks";
				OTHER_LDFLAGS = "$(inherited)";
				OTHER_SWIFT_FLAGS = "$(inherited)";
				SWIFT_VERSION = 3.0;
			};
			name = Release;
		};
		"___DebugConf_SwiftCLI" /* Debug */ = {
			isa = XCBuildConfiguration;
			buildSettings = {
				ENABLE_TESTABILITY = YES;
				FRAMEWORK_SEARCH_PATHS = "$(PLATFORM_DIR)/Developer/Library/Frameworks";
				INFOPLIST_FILE = chaitools.xcodeproj/SwiftCLI_Info.plist;
				LD_RUNPATH_SEARCH_PATHS = "$(TOOLCHAIN_DIR)/usr/lib/swift/macosx";
				MACOSX_DEPLOYMENT_TARGET = 10.12;
				OTHER_LDFLAGS = "$(inherited)";
				OTHER_SWIFT_FLAGS = "$(inherited)";
				PRODUCT_BUNDLE_IDENTIFIER = SwiftCLI;
				PRODUCT_MODULE_NAME = "$(TARGET_NAME:c99extidentifier)";
				PRODUCT_NAME = "$(TARGET_NAME:c99extidentifier)";
				SWIFT_OPTIMIZATION_LEVEL = "-Onone";
				SWIFT_VERSION = 3.0;
			};
			name = Debug;
		};
		"___DebugConf_chaitools" /* Debug */ = {
			isa = XCBuildConfiguration;
			buildSettings = {
				FRAMEWORK_SEARCH_PATHS = (
					"$(PLATFORM_DIR)/Developer/Library/Frameworks",
					"$(PROJECT_DIR)/**",
				);
				LD_RUNPATH_SEARCH_PATHS = "$(TOOLCHAIN_DIR)/usr/lib/swift/macosx @executable_path $(SRC_ROOT)";
				OTHER_LDFLAGS = "$(inherited)";
				OTHER_SWIFT_FLAGS = "$(inherited)";
				SWIFT_FORCE_DYNAMIC_LINK_STDLIB = YES;
				SWIFT_FORCE_STATIC_LINK_STDLIB = NO;
				SWIFT_OPTIMIZATION_LEVEL = "-Onone";
				SWIFT_VERSION = 3.0;
			};
			name = Debug;
		};
		"___DebugConf_chaitoolsTests" /* Debug */ = {
			isa = XCBuildConfiguration;
			buildSettings = {
				EMBEDDED_CONTENT_CONTAINS_SWIFT = YES;
				ENABLE_TESTABILITY = NO;
				FRAMEWORK_SEARCH_PATHS = "$(PLATFORM_DIR)/Developer/Library/Frameworks";
				INFOPLIST_FILE = chaitools.xcodeproj/chaitoolsTests_Info.plist;
				LD_RUNPATH_SEARCH_PATHS = "@loader_path/../Frameworks";
				OTHER_LDFLAGS = "$(inherited)";
				OTHER_SWIFT_FLAGS = "$(inherited)";
				SWIFT_OPTIMIZATION_LEVEL = "-Onone";
				SWIFT_VERSION = 3.0;
			};
			name = Debug;
		};
		"_____Release_" /* Release */ = {
			isa = XCBuildConfiguration;
			baseConfigurationReference = __PBXFileRef_chaitools.xcodeproj/Configs/Project.xcconfig /* chaitools.xcodeproj/Configs/Project.xcconfig */;
			buildSettings = {
				MACOSX_DEPLOYMENT_TARGET = 10.12;
			};
			name = Release;
		};
		"_______Debug_" /* Debug */ = {
			isa = XCBuildConfiguration;
			baseConfigurationReference = __PBXFileRef_chaitools.xcodeproj/Configs/Project.xcconfig /* chaitools.xcodeproj/Configs/Project.xcconfig */;
			buildSettings = {
				MACOSX_DEPLOYMENT_TARGET = 10.12;
			};
			name = Debug;
		};
/* End XCBuildConfiguration section */

/* Begin XCConfigurationList section */
		1F803B951E942679006B454F /* Build configuration list for PBXNativeTarget "ChaiTools" */ = {
			isa = XCConfigurationList;
			buildConfigurations = (
				1F803B931E942679006B454F /* Debug */,
				1F803B941E942679006B454F /* Release */,
			);
			defaultConfigurationIsVisible = 0;
			defaultConfigurationName = Debug;
		};
		"___RootConfs_" /* Build configuration list for PBXProject "chaitools" */ = {
			isa = XCConfigurationList;
			buildConfigurations = (
				"_______Debug_" /* Debug */,
				"_____Release_" /* Release */,
			);
			defaultConfigurationIsVisible = 0;
			defaultConfigurationName = Debug;
		};
		"_______Confs_SwiftCLI" /* Build configuration list for PBXNativeTarget "SwiftCLI" */ = {
			isa = XCConfigurationList;
			buildConfigurations = (
				"___DebugConf_SwiftCLI" /* Debug */,
				_ReleaseConf_SwiftCLI /* Release */,
			);
			defaultConfigurationIsVisible = 0;
			defaultConfigurationName = Debug;
		};
		"_______Confs_chaitools" /* Build configuration list for PBXNativeTarget "chaitools-cli" */ = {
			isa = XCConfigurationList;
			buildConfigurations = (
				"___DebugConf_chaitools" /* Debug */,
				_ReleaseConf_chaitools /* Release */,
			);
			defaultConfigurationIsVisible = 0;
			defaultConfigurationName = Debug;
		};
		"_______Confs_chaitoolsTests" /* Build configuration list for PBXNativeTarget "chaitoolsTests" */ = {
			isa = XCConfigurationList;
			buildConfigurations = (
				"___DebugConf_chaitoolsTests" /* Debug */,
				_ReleaseConf_chaitoolsTests /* Release */,
			);
			defaultConfigurationIsVisible = 0;
			defaultConfigurationName = Debug;
		};
/* End XCConfigurationList section */
	};
	rootObject = __RootObject_ /* Project object */;
}
